
Microsoft Visual Studio Solution File, Format Version 12.00
# Visual Studio 15
VisualStudioVersion = 15.0.27004.2005
MinimumVisualStudioVersion = 10.0.40219.1
Project("{FAE04EC0-301F-11D3-BF4B-00C04F79EFBC}") = "macgyver", "macgyver\macgyver.csproj", "{AE1EBF30-2A98-4321-8715-52DAF4364300}"
EndProject
Global
	GlobalSection(SolutionConfigurationPlatforms) = preSolution
		Debug|Any CPU = Debug|Any CPU
		Release|Any CPU = Release|Any CPU
	EndGlobalSection
	GlobalSection(ProjectConfigurationPlatforms) = postSolution
		{AE1EBF30-2A98-4321-8715-52DAF4364300}.Debug|Any CPU.ActiveCfg = Debug|Any CPU
		{AE1EBF30-2A98-4321-8715-52DAF4364300}.Debug|Any CPU.Build.0 = Debug|Any CPU
		{AE1EBF30-2A98-4321-8715-52DAF4364300}.Release|Any CPU.ActiveCfg = Release|Any CPU
		{AE1EBF30-2A98-4321-8715-52DAF4364300}.Release|Any CPU.Build.0 = Release|Any CPU
	EndGlobalSection
	GlobalSection(SolutionProperties) = preSolution
		HideSolutionNode = FALSE
	EndGlobalSection
	GlobalSection(ExtensibilityGlobals) = postSolution
		SolutionGuid = {86091C59-1609-4974-B2AE-2D29FEA7610B}
	EndGlobalSection
EndGlobal
